[ "cowboy": {:git, "git://github.com/extend/cowboy.git", "bb9a2e975e4657d2f03d93b4d9595160e8190566", []},
  "cowlib": {:git, "git://github.com/extend/cowlib.git", "2f35af5b0a67f591dde5ae4305a9587988a37c0c", [{:ref, "0.1.0"}]},
  "exconfig": {:git, "git://github.com/yrashk/exconfig.git", "a32762637d366c18477366145c35d5e02428cc53", []},
  "genx": {:git, "git://github.com/yrashk/genx.git", "1b857fa422a47269d5f151ecababd83f4835527d", []},
  "ranch": {:git, "git://github.com/extend/ranch.git", "41705752ffc7e3ecb96eef8374015ead4ca7f699", [{:ref, "0.8.5"}]} ]
