[ "cowboy": {:git, "git://github.com/extend/cowboy.git", "2b2829f5855e4b2a6ba5e0ca5ccefd42fa2e9524", []},
  "cowlib": {:git, "git://github.com/extend/cowlib.git", "2f35af5b0a67f591dde5ae4305a9587988a37c0c", [{:ref, "0.1.0"}]},
  "ecto": {:git, "git://github.com/elixir-lang/ecto.git", "a2e8dff2e3b30cc27871f3e4cca3ef9120cdf867", []},
  "exjson": {:git, "git://github.com/guedes/exjson.git", "870de62caafc02e89ccaeb30f8b80f3fcc5e89ee", []},
  "hackney": {:git, "git://github.com/benoitc/hackney.git", "25a7fa2115680a09c0e932f71f22082b29d1b714", []},
  "mimetypes": {:git, "git://github.com/spawngrid/mimetypes.git", "47d37a977a7d633199822bf6b08353007483d00f", []},
  "pgsql": {:git, "git://github.com/ericmj/pgsql.git", "ac8c0f65098d8d5ffafa613f54945ebfa7377983", [{:branch, "elixir"}]},
  "poolboy": {:git, "git://github.com/devinus/poolboy.git", "91b68de43d49bcccf2631016febda70b20d7aa75", []},
  "postgrex": {:git, "git://github.com/ericmj/postgrex.git", "8d07ae9a25be3249be726d243db81d9c42a083c6", []},
  "ranch": {:git, "git://github.com/extend/ranch.git", "41705752ffc7e3ecb96eef8374015ead4ca7f699", [{:ref, "0.8.5"}]} ]
